{
  "toolchain": "node-22.13.1-v8",
  "files": {
    "fixtures/rig-2bone.fixture.json": "019fed5b1998ec71aa8de950956ced4c48eee4d70a25023abbf6883663b60d69",
    "fixtures/rig-blendmodes.fixture.json": "f201c8884a65fb020b861b44144a004212d76bdf84d051841e4c10f4ae4b3223",
    "fixtures/rig-clipping.fixture.json": "07904b300e9ae08218f837c8f9830f3eccbc867daab94a1f5bc3b3f346af579e",
    "fixtures/rig-constraint-order.fixture.json": "2aa130c89265f356291f7bf0602664cbde4da11d37ed3efbc6cb3cf88869f0cc",
    "fixtures/rig-deform.fixture.json": "7210925000fa2542923ecc836df1744045ad24a0df838e609672a0da5423e9eb",
    "fixtures/rig-events-draworder.fixture.json": "dbd522b8a1c2241814542d5fd31d156c4fbfd31f635cd7ac6b3850735bfcfb18",
    "fixtures/rig-events-loop.fixture.json": "7397c3e660492a14ac555e8f4565f0e0f450506cec016c230a62505c8a662dba",
    "fixtures/rig-hit-point.fixture.json": "3114c428d3510a6d4264d014d91cf35e20a875480f6e263ab45688d6e3d32e48",
    "fixtures/rig-ik-depth.fixture.json": "5c8d7557250fde62e057e08c793464694461824476db34640af3e253e4366367",
    "fixtures/rig-linked-mesh.fixture.json": "33fa1f84250fe421652f2303b55ab439a5ad05feccd2b39bc3c1f37a930d5640",
    "fixtures/rig-one-bone-ik.fixture.json": "b1038401d7a585348fa32aff17d206d2688ac90db7110dd428f689a90caf0ab3",
    "fixtures/rig-path-follow.fixture.json": "6f3550adfed9f76401751a92ba57ed8028290d4a71fff904f94f4257437aff97",
    "fixtures/rig-path-spacing.fixture.json": "c4566f353edc25b8c0d30e782d6a9a43b8b7c2824f03465dc0af6d57dd272373",
    "fixtures/rig-rigid-mesh.fixture.json": "987a570adfe51578b4e0524b8091d04b4b96af7526ce915841362cf770079702",
    "fixtures/rig-sequences.fixture.json": "a57f553a295701616f30ef0ace7a4ae633ff7bc44f09003be2e4fb1983433f86",
    "fixtures/rig-skin-scoped.fixture.json": "7bbe10943d0bdde49283dcc8cb3c59e862b07400a3d399ef3cbe0b58409ffc65",
    "fixtures/rig-split-tracks.fixture.json": "2ddba247ae778ac84e43db392d551debf9df0c08b95f8736e0987cb3d313e029",
    "fixtures/rig-transform-constraint.fixture.json": "a4a33204d99f4fc127c6a0075911333fa52a6da43f999e822f517ad9d0f422c6",
    "fixtures/rig-transform-modes.fixture.json": "16fbe673518cc5897dbf216678b9186e314a31d8b5030461f69b78129dedd695",
    "fixtures/rig-transform-variants.fixture.json": "708b88c55ed6614f4d1e1637be485cc28b16ee81876ded8da54bb5a77eb04f17",
    "fixtures/rig-two-bone-ik.fixture.json": "64f135f670159c7e1de885dddb3ead46bf168b6cd6c7e35ad9a2fd2bcf755b86",
    "fixtures/rig-weighted-mesh.fixture.json": "78b7efcef6b47d6a551e329344766c441e782df10a22548cb05415889f4a9841",
    "rigs/rig-2bone.bin": "2a2d31dde17f955632d0b764927763a6750b86b8f1963538cafd17ae9cfcb6f8",
    "rigs/rig-2bone.json": "67b7ecc272a8b6a93392821f70bf3a4bd874cb9fdbf7d8117ed512ab65e33ed9",
    "rigs/rig-blendmodes.bin": "f02a8b23a197f837694b03197779b4909661d48717ccdc6a4fc2800f631fd00e",
    "rigs/rig-blendmodes.json": "116d38b80dac16b88fe7c444812473523f18c68877bd63bb1fe36da4bf314a0e",
    "rigs/rig-clipping.bin": "f9780a18bee61713fde4ec77127f67b9b8d4125257be736c082f65738a05428f",
    "rigs/rig-clipping.json": "26e15ea45b202d48c748ea4486af7944cd329b68f6969d6e06f1bc82946a1804",
    "rigs/rig-constraint-order.bin": "970747beaa4570cc024ecd0da05fba9fc3fba4a5dfb80995d692fe2b4eff4b85",
    "rigs/rig-constraint-order.json": "39b6ac1122705941e80f7657b07025e45896f72582b238eb19b0539b8b626233",
    "rigs/rig-deform.bin": "ffcc8002844a1d4780b54b34daa2dc470270f3078840d174b9795f3860e5383e",
    "rigs/rig-deform.json": "19505e22e182fc6349de0ca7d538ef031c831534264ce8c8d5d304b327abdd25",
    "rigs/rig-events-draworder.bin": "235e801beec076eb424cd810f72f167919ecc89d3b256ffcfeefd3884b8feeb0",
    "rigs/rig-events-draworder.json": "97a82a2f7bdd4d84ba55d2f74e114e7bd78ce2927680169d3152f0bde9fcc50d",
    "rigs/rig-events-loop.bin": "7fea898736928263cbe26052aebbd21c74ca8a72b814d11b93102965458c8d85",
    "rigs/rig-events-loop.json": "c9d5b3f46595d37d847999babacfe1efa92a2883fbd888646ae15ef3f1908886",
    "rigs/rig-hit-point.bin": "3d999030a46e6305da5f99b88f07f7260c241781801c15c00a2d664f78be9aa9",
    "rigs/rig-hit-point.json": "7d10b9c17a0e6309cf4c8cf61c72b288420808c399f2e04411de122f51ad280f",
    "rigs/rig-ik-depth.bin": "eaba238a9b485fa10c8b20147f68b0d4ca5c894378f5dd31de1477278e2b90da",
    "rigs/rig-ik-depth.json": "cbed1e8e2fe36dfdf88773cdd935c664f5a9d23addb13e19bc7aab4c4b69b1e3",
    "rigs/rig-linked-mesh.bin": "b93f5d04fcf0b63d50bd9c9fcb11821a0abf5be7b7ec067476c110b3a210d6fc",
    "rigs/rig-linked-mesh.json": "de057227ad24528a1efe9e4b51b78d46aa60059983530c718afa040ec1b80dd9",
    "rigs/rig-one-bone-ik.bin": "3154b81a889e92010f2a81597928e0d06df1a0e1c425a8cd5df462047f40a70f",
    "rigs/rig-one-bone-ik.json": "0e9e931c7ad7b12c8c905f9270f4d7ba45a7bc3cdbd77b96dfee6ded23781194",
    "rigs/rig-path-follow.bin": "c19e0799e02a0ded34a4d05dace6199e0967b594a104c610ed0ce46b95675ba9",
    "rigs/rig-path-follow.json": "9a0ba041572f04da825ac3254057f80720a234412ae7d1ac1a5b1e5f3a525124",
    "rigs/rig-path-spacing.bin": "412f1c774e7a5c58ca5ed2e104412629d9921fd7bb33472809b5ce53977ee544",
    "rigs/rig-path-spacing.json": "0983da0b18217a09b1e1bb64c7316691eaffcbb6119a6b65e12651a87bf30228",
    "rigs/rig-rigid-mesh.bin": "b4b44a044a059f259888f984dbad743faf8f7539649f6da77c96d81fe1e016f0",
    "rigs/rig-rigid-mesh.json": "44d5614f054873cbb799ca984b8df4696ba851f41f66c9eb6273446dc9f8f6d4",
    "rigs/rig-sequences.bin": "3fd558c739a4128b9a5a8b155abab1d37a74634ea94eaa82da4e4580e0ad7946",
    "rigs/rig-sequences.json": "9440a8788a83faf6f990014bb8546cafcd2e06918d4d756acdcf20f4435011d0",
    "rigs/rig-skin-scoped.bin": "ff3bd56d47f51d18c472d544782710307fee6f329adb6c51640eb01123f12ba5",
    "rigs/rig-skin-scoped.json": "fd416a7f00e9069f0edb61d7f654c55497d2148472270216cd1575e2f26dc23d",
    "rigs/rig-split-tracks.bin": "89744482340657c8c638ed8e920674a9262ce2c2840eaff0ed974c3c54314a79",
    "rigs/rig-split-tracks.json": "e4fcfc53e1e20bb5e504d0e44a6b47a871eea480602df7c13fefd3de7a73ff71",
    "rigs/rig-transform-constraint.bin": "7124b6a0895f63371fa62d19e7dd521b175edaa1f3998a89b759fc2cf9203645",
    "rigs/rig-transform-constraint.json": "8a7ca08ae4ab294866ed48589aab7e9baef09aa866701c89211343f0915eabe3",
    "rigs/rig-transform-modes.bin": "9689430b11f7612e6b8d451dd6c494a84f12703b1fdbe755c3cfe28cb91ff36a",
    "rigs/rig-transform-modes.json": "29b4a9b360f105e52b730340a19cff96fcf534604153eb816e34d219147e005f",
    "rigs/rig-transform-variants.bin": "b677b688667b0b16aae1bf1d7ea3e4d9c2a98aa26d7feb7fb05cd4ceb426c705",
    "rigs/rig-transform-variants.json": "c78b9774abdca467fe88fa36c1d2c5a81c9813859a749fe2edce4fe25681aa65",
    "rigs/rig-two-bone-ik.bin": "eaa1ebdbdc49e6f44963332053198d49edff241a699a0c970838014d4599e539",
    "rigs/rig-two-bone-ik.json": "15c1a1725d46a340d284530f02bcc2c8abe6a610395a1be546968360887ae277",
    "rigs/rig-weighted-mesh.bin": "5f319a1bf3590bd66f886bc8af4b97145f2e045bb97eb1d6b09808ee3488cc72",
    "rigs/rig-weighted-mesh.json": "c79a32c787abf2928160f4c15e2d0087b853c30c814370ece7d8b7691d8eeddc",
    "sample-spec/rig-2bone.sample-spec.json": "b91325173dd5d3c3226ba78702ff623270477207c77d840b8974842f7e27d617",
    "sample-spec/rig-blendmodes.sample-spec.json": "952b80b9b34fee86996fe232441a362db27e98978fa72def69ab17c4ed2a8d8b",
    "sample-spec/rig-clipping.sample-spec.json": "e439ab19c8f938313ac6b7e5ea84df379945c4d89cc7e9c95c6829902288355a",
    "sample-spec/rig-constraint-order.sample-spec.json": "80fc42febb275c597423eb6e873a1b1e44ce4fc46f4abe41430a3665f3ddb75a",
    "sample-spec/rig-deform.sample-spec.json": "a63e902a964ae784f8a2dae3f4f5b99ebcbfdc89c1a2dbbfe2ede2e42c93fefc",
    "sample-spec/rig-events-draworder.sample-spec.json": "5dc064473988fa32c9327d133ab69ba4beef66c1cfc050ce9363839d06f76b4a",
    "sample-spec/rig-events-loop.sample-spec.json": "946d0084d7784cb6439645c1f3f1aa7acab77c6b4baa985a451e378556e22be5",
    "sample-spec/rig-hit-point.sample-spec.json": "e8b9cca10564585638ef381d62449e1470de27e1e45e264eacb287edeae066db",
    "sample-spec/rig-ik-depth.sample-spec.json": "e4e2a788e1f3db5a8a157f24da077e9201c8ae801d29bedce224c8799fee77c3",
    "sample-spec/rig-linked-mesh.sample-spec.json": "325a4babab857e3f0f488497bf950cdcd26a11c509bf97a5da6d0c72057be807",
    "sample-spec/rig-one-bone-ik.sample-spec.json": "484f599b529f431ce8dbaba70787dead9a974a5b60c6df31d8ba752fc9c270f0",
    "sample-spec/rig-path-follow.sample-spec.json": "51f2c24eb13e315e6a58bac468e4d4c2bb7d39cc51c0ca02be3c7c05f1386d27",
    "sample-spec/rig-path-spacing.sample-spec.json": "7a18c5035c61da8ce65ed9a42c0c6d27774b8476717af7ebc45b500ab8079405",
    "sample-spec/rig-rigid-mesh.sample-spec.json": "5cd1b2cbbe624a76eba901e6acf60d2a518ebf6837af902a0c84304a5e86fc29",
    "sample-spec/rig-sequences.sample-spec.json": "d984ee1e64803a1ccf75df0b9c1c837c7d9bf7be877984e701ab5770474d3455",
    "sample-spec/rig-skin-scoped.sample-spec.json": "45ecc3019e4f14a9eaff25df90cc2b3a8eefd2b01738ca609f86785c1b2fe247",
    "sample-spec/rig-split-tracks.sample-spec.json": "dc89ae76c6e01751e004f21a3b736d5ef8501db7b06a62275a6d2c0f768ff81e",
    "sample-spec/rig-transform-constraint.sample-spec.json": "b542cd8bf177823d9eb0b97a069af289c3701a3d7e2f0c85df8c90d002cd6e73",
    "sample-spec/rig-transform-modes.sample-spec.json": "3f8ebfa6c1654fb4b14413d3a94301a1888e88b52523471a9a5c157ff8928ad8",
    "sample-spec/rig-transform-variants.sample-spec.json": "b3ebe72dda412a8c1fee6f86ab0d6839a7f538a475c6d8bc4f0cda1c112e0954",
    "sample-spec/rig-two-bone-ik.sample-spec.json": "327a349d60f2470461f02c9b8baa0be93ebb559ff2c138e1df27ec0af062c438",
    "sample-spec/rig-weighted-mesh.sample-spec.json": "bef66199094d35f869144e32f0bb3b51807ea99b47a9a543757d6455d4efcde8"
  }
}
