{
  "toolchain": "node-22.13.1-v8",
  "files": {
    "fixtures/rig-2bone.fixture.json": "d0da09c51ea05e294c5dc32890f8e83f9c01f1329baaaa4552997ca9b00b1643",
    "fixtures/rig-deform.fixture.json": "6dad2da6d80eed312c740aeef6fc0a396eb100899674ed7ea6460c931500d589",
    "fixtures/rig-one-bone-ik.fixture.json": "df4f03ae9488eb181405be6781d2b479838466684ca64feef106ccacd9a724e0",
    "fixtures/rig-rigid-mesh.fixture.json": "81cbf3692cf961d66ea1fa045d47c1ec4b0b832184ff332f394b1e17b5d5a326",
    "fixtures/rig-transform-constraint.fixture.json": "41cfe2d4fd4f6cf09c4b8fa4a458d08c47d9de05de56e6e244fc493e9effbe46",
    "fixtures/rig-two-bone-ik.fixture.json": "1336f310e3c51966f4ebf58e25a82039b5b6aaad7432ad365e482ad70baca08b",
    "fixtures/rig-weighted-mesh.fixture.json": "45bb39a5e5427a1033ebf3f888724e10efb311d067fd70995c776134cb3645ec",
    "rigs/rig-2bone.bin": "1696ebcecbc1a15aa215dfa01837f1bd0400d2a1858f2c425a614d190123e328",
    "rigs/rig-2bone.json": "5f0b733ce30c977dc07429bc2aca7e99518b108f06d296a306f9f3d0f6204cff",
    "rigs/rig-deform.bin": "043265136436b8a702633effb13a5fd251b74428eb8b07d3e9424b04dcbde92a",
    "rigs/rig-deform.json": "7c835c43f364500823d31c4a84d6b08e34ed05426a8f395adcee87f9653b2f4b",
    "rigs/rig-one-bone-ik.bin": "f0cde3f7740ff8febfcece6d701165a51fcd4ab2dfe0b42ba233bbe050dec330",
    "rigs/rig-one-bone-ik.json": "57a50ba278fd2f92fc5464d994610e92c7723d4eddef1c84649a44a0bae29a6b",
    "rigs/rig-rigid-mesh.bin": "2144c4a783ba24bbff9d5d7cb376dbb07d8f4c12d705700a10b935d4ddb3c572",
    "rigs/rig-rigid-mesh.json": "7601bc88918549fb8789cb0ce41fd316f84aef37871a0d27faecc53a76ad0bab",
    "rigs/rig-transform-constraint.bin": "fe9d266f8b7d61709154d994ff779da2dfe06a1834bbdef30235c52b94e707af",
    "rigs/rig-transform-constraint.json": "65fddd453d9ecd12cc7a5320a809c9fbb9f4ca22213fa180e91d8488b230cd4f",
    "rigs/rig-two-bone-ik.bin": "f4306f726e31de1f86266fef87374c0dbbfda54425e3821d3c95fae57fce29e5",
    "rigs/rig-two-bone-ik.json": "407d14a64b4d3134bfa62da130355c04b43070fa2b9680a0a834085189689a29",
    "rigs/rig-weighted-mesh.bin": "3860731f0f70f09a6e2415fa91584c0d6b26688effa11a14866453d20d600253",
    "rigs/rig-weighted-mesh.json": "d9c0abb14581c5a1663ca140e732588379a6132279172da5d621d751ca3ce2d3",
    "sample-spec/rig-2bone.sample-spec.json": "b91325173dd5d3c3226ba78702ff623270477207c77d840b8974842f7e27d617",
    "sample-spec/rig-deform.sample-spec.json": "a63e902a964ae784f8a2dae3f4f5b99ebcbfdc89c1a2dbbfe2ede2e42c93fefc",
    "sample-spec/rig-one-bone-ik.sample-spec.json": "484f599b529f431ce8dbaba70787dead9a974a5b60c6df31d8ba752fc9c270f0",
    "sample-spec/rig-rigid-mesh.sample-spec.json": "5cd1b2cbbe624a76eba901e6acf60d2a518ebf6837af902a0c84304a5e86fc29",
    "sample-spec/rig-transform-constraint.sample-spec.json": "b542cd8bf177823d9eb0b97a069af289c3701a3d7e2f0c85df8c90d002cd6e73",
    "sample-spec/rig-two-bone-ik.sample-spec.json": "327a349d60f2470461f02c9b8baa0be93ebb559ff2c138e1df27ec0af062c438",
    "sample-spec/rig-weighted-mesh.sample-spec.json": "bef66199094d35f869144e32f0bb3b51807ea99b47a9a543757d6455d4efcde8"
  }
}
