{
  "toolchain": "node-22.13.1-v8",
  "files": {
    "fixtures/rig-2bone.fixture.json": "0f3605863e670083ec954425bf1840351add9d351d2929c740d3084537fa758e",
    "fixtures/rig-blendmodes.fixture.json": "d2ef21845fbf71175a444800b26bd031761f44e693bc6c6283bbc38d7dc483d6",
    "fixtures/rig-constraint-order.fixture.json": "4453c1515774080c8a9398d51082c4e3d1802483d2f92c94d316ecdd8ab274f5",
    "fixtures/rig-deform.fixture.json": "498e21989e54c4fb8c0054f4c5fbc002be859413f7df166193fbf0e66d95485e",
    "fixtures/rig-events-draworder.fixture.json": "4ffab6548b6af81ff3529e0501e4d8ebb00ab4c8fbeab73e8e44b7948e83314a",
    "fixtures/rig-events-loop.fixture.json": "ada95dd1928a1c00b606b7c03c0bb3d4fd299616a5f58c2f242b7f53a1abd845",
    "fixtures/rig-ik-depth.fixture.json": "ffffc013c04034127eebbc6878e893afb115901f7af976f7b201bd88a7403b95",
    "fixtures/rig-linked-mesh.fixture.json": "f3c69d092074c4f3c327572f6709802b7b545b04f80a11f0521cfcee7be5e332",
    "fixtures/rig-one-bone-ik.fixture.json": "5351ac23718d25c66e372a5d67d8506d6b93c18f61888f169c6dfcaef555d274",
    "fixtures/rig-rigid-mesh.fixture.json": "f62d37a759a28c850484f2c4c969444232f18840714c1171f0d0c16d741b44fc",
    "fixtures/rig-sequences.fixture.json": "770b162722a5e92391204ea86037da7a47a55e234ed772dfdbb4cafe5d45a206",
    "fixtures/rig-skin-scoped.fixture.json": "5cb64e0d6494c68cf0b2e26650910d20dcb16aa56bddecf4fa8295654ea87ac5",
    "fixtures/rig-split-tracks.fixture.json": "d528dd060bb358a9ae8f757feb74d47e85cf38080c17bde73df0f6d9757be1bc",
    "fixtures/rig-transform-constraint.fixture.json": "3337781a156084952eb42c00d29409d0a3ca7489386d6438874bb0eb6e37f7e8",
    "fixtures/rig-transform-modes.fixture.json": "74efcfe7e437cbde56c2062e6d3b9b5521e3a66da613e2bdb368821e6bc806cb",
    "fixtures/rig-transform-variants.fixture.json": "309798c5d14682e0d6427a18a7d39101a13ea93cd2550f6d2c62472d7253f6a5",
    "fixtures/rig-two-bone-ik.fixture.json": "b65d969cf28a6118a7fc30581d58400eef9222fdbee1119cf424206c4c21b612",
    "fixtures/rig-weighted-mesh.fixture.json": "ee1f7d1e5689256f5ab39374574ec27f658bfbcbf614b1af764db253b16294df",
    "rigs/rig-2bone.bin": "11c797dce3e6f8e42119c0b2780eb5172b287522d3a754504d8b629eb4e8d9af",
    "rigs/rig-2bone.json": "860ee0152f69ea75b2544f1945b6e142efd75bc951ee1d1789c87e90370db5a6",
    "rigs/rig-blendmodes.bin": "27729c8e0e49afdfa97c47fcd7b24677beebf95c30dc46a3910d03206ff5b065",
    "rigs/rig-blendmodes.json": "471667230df9633165646dc38ea5e3601cacda2c1de4d0aa987607d5de9db0f0",
    "rigs/rig-constraint-order.bin": "64c50a79990648d831f7d5a32ae0613322c073ad485e5871d2c65178e700e236",
    "rigs/rig-constraint-order.json": "2a3914d87a7ce31d41fd6789355c8ab43d762884f069cfb2c0cbc44db37d61c8",
    "rigs/rig-deform.bin": "a12aed14179ae7cb81831578f913b01c90d7f80ea9ce7a4693ecdbd340a83aad",
    "rigs/rig-deform.json": "8f156ec84e94cffb2353e516cc20b01a2cc247cef192e995c56eabe8ca7daa21",
    "rigs/rig-events-draworder.bin": "9494b28e9622cc23d5a8e64ded864fd1e7c2c7ce9861f2589a160e4c8bd99f01",
    "rigs/rig-events-draworder.json": "2d8cbd5b5e93186b592e13822984f5bdc87b3979dce30a9f06e431d298c4b3d9",
    "rigs/rig-events-loop.bin": "a726cb372579835589b03d5a944dfdc6c859153eec7398f26cc7bc574da3cdd6",
    "rigs/rig-events-loop.json": "7dfc022640d470c36bbc0c922f9ca50897b1e2f55ce2e41349051199ca055182",
    "rigs/rig-ik-depth.bin": "741c99c99bfd9ec3be2605d6166e4bbe9c42c194c6cd96df5af80ae69fb5eebd",
    "rigs/rig-ik-depth.json": "ce44adbfb01af0fefe6be713f5c3e5eddc7143a9cfe213f55accc82e1dcba3eb",
    "rigs/rig-linked-mesh.bin": "1aa2b853abb161fb712c671ec4dc980e9eeb36a091d469775aefda413cb4ab4b",
    "rigs/rig-linked-mesh.json": "995b5bf3716185fb206989ccac6e175c13ccaf472279738e1fba6b9596d10cf3",
    "rigs/rig-one-bone-ik.bin": "3ff2b6b002b87e2c61723309044887fb7f4572ba01fd9b9981f437d084700be5",
    "rigs/rig-one-bone-ik.json": "94dcf52dcab8bea845b8400d84d89f7f895f9bbf88f08d3f3f782a82b78ce1d1",
    "rigs/rig-rigid-mesh.bin": "ae8316cf78151462084cb7e857557c8ac7a2cf3f5876fe0a5eaca8d875440228",
    "rigs/rig-rigid-mesh.json": "23010d85fd267d645b7affef66960200283adba1a100359a69f3b4fa67729299",
    "rigs/rig-sequences.bin": "acbff7fb98234ec65f1419ef8b33430a774ec4247a285308dd67bac128d1fd26",
    "rigs/rig-sequences.json": "7ff02eae9454b65bf5647c8fec5182867ab7f1f8237134715ce7501a11477e2f",
    "rigs/rig-skin-scoped.bin": "81ed6b191283a225e6a140edc2c27a9817eca862c86f4e04e524ecacff87e577",
    "rigs/rig-skin-scoped.json": "a1da82fe839dbe8604b51d30296c20f254451ad86cd7670c43d0c5a411a37084",
    "rigs/rig-split-tracks.bin": "098e4a032aabb82ac903da55108a0dff6a5ba6210886d30045ffed7c59afd72e",
    "rigs/rig-split-tracks.json": "d0e9dd2723911d6ce8f98ed76e89c0f536142bc0d82791993171d1a486aa7037",
    "rigs/rig-transform-constraint.bin": "cceeb7b953e36618f16737007667d7417a294177dafeeec6120e67776d9bad37",
    "rigs/rig-transform-constraint.json": "2601f8f49c05097a81dfc0cbcdbb4eb1add673c32a0b4aac949a11aa3cd7d890",
    "rigs/rig-transform-modes.bin": "876325b4abfa9258bc46fcc9290f9e4ba7fd93e8c518216240369f187127740e",
    "rigs/rig-transform-modes.json": "b5d88fa7ab551fdf2bd3463f9c2f477bfa53d88ec72dfebb69f1edcd5ac44ada",
    "rigs/rig-transform-variants.bin": "29c2dad244abb73573ce2bb648087b12142d664ef059a3df2037dc52c37f392b",
    "rigs/rig-transform-variants.json": "56b8d9d013c53ab84ccb1d5422d280295a3d1b4fd63135a27d69c39effe4789f",
    "rigs/rig-two-bone-ik.bin": "e5f57def34366be957742bf109b63a6db58d292fa074b5f0a8bb545e17f1a1a4",
    "rigs/rig-two-bone-ik.json": "db4a39227b54c2ffaba7d98fa07553565df2afb51184f83fc129d9538459e5c5",
    "rigs/rig-weighted-mesh.bin": "ed8f0fb2a38c0ba22e33be19714c28b63d643b66b8475b9acef44e026e416370",
    "rigs/rig-weighted-mesh.json": "a333f245877f7f3e1245968d2b31f84882e916ec6de621795e821727b49da59b",
    "sample-spec/rig-2bone.sample-spec.json": "b91325173dd5d3c3226ba78702ff623270477207c77d840b8974842f7e27d617",
    "sample-spec/rig-blendmodes.sample-spec.json": "952b80b9b34fee86996fe232441a362db27e98978fa72def69ab17c4ed2a8d8b",
    "sample-spec/rig-constraint-order.sample-spec.json": "80fc42febb275c597423eb6e873a1b1e44ce4fc46f4abe41430a3665f3ddb75a",
    "sample-spec/rig-deform.sample-spec.json": "a63e902a964ae784f8a2dae3f4f5b99ebcbfdc89c1a2dbbfe2ede2e42c93fefc",
    "sample-spec/rig-events-draworder.sample-spec.json": "5dc064473988fa32c9327d133ab69ba4beef66c1cfc050ce9363839d06f76b4a",
    "sample-spec/rig-events-loop.sample-spec.json": "946d0084d7784cb6439645c1f3f1aa7acab77c6b4baa985a451e378556e22be5",
    "sample-spec/rig-ik-depth.sample-spec.json": "e4e2a788e1f3db5a8a157f24da077e9201c8ae801d29bedce224c8799fee77c3",
    "sample-spec/rig-linked-mesh.sample-spec.json": "325a4babab857e3f0f488497bf950cdcd26a11c509bf97a5da6d0c72057be807",
    "sample-spec/rig-one-bone-ik.sample-spec.json": "484f599b529f431ce8dbaba70787dead9a974a5b60c6df31d8ba752fc9c270f0",
    "sample-spec/rig-rigid-mesh.sample-spec.json": "5cd1b2cbbe624a76eba901e6acf60d2a518ebf6837af902a0c84304a5e86fc29",
    "sample-spec/rig-sequences.sample-spec.json": "d984ee1e64803a1ccf75df0b9c1c837c7d9bf7be877984e701ab5770474d3455",
    "sample-spec/rig-skin-scoped.sample-spec.json": "45ecc3019e4f14a9eaff25df90cc2b3a8eefd2b01738ca609f86785c1b2fe247",
    "sample-spec/rig-split-tracks.sample-spec.json": "dc89ae76c6e01751e004f21a3b736d5ef8501db7b06a62275a6d2c0f768ff81e",
    "sample-spec/rig-transform-constraint.sample-spec.json": "b542cd8bf177823d9eb0b97a069af289c3701a3d7e2f0c85df8c90d002cd6e73",
    "sample-spec/rig-transform-modes.sample-spec.json": "3f8ebfa6c1654fb4b14413d3a94301a1888e88b52523471a9a5c157ff8928ad8",
    "sample-spec/rig-transform-variants.sample-spec.json": "b3ebe72dda412a8c1fee6f86ab0d6839a7f538a475c6d8bc4f0cda1c112e0954",
    "sample-spec/rig-two-bone-ik.sample-spec.json": "327a349d60f2470461f02c9b8baa0be93ebb559ff2c138e1df27ec0af062c438",
    "sample-spec/rig-weighted-mesh.sample-spec.json": "bef66199094d35f869144e32f0bb3b51807ea99b47a9a543757d6455d4efcde8"
  }
}
